{
  "nodes": {
    "base16": {
      "inputs": {
        "fromYaml": "fromYaml"
      },
      "locked": {
        "lastModified": 1755819240,
        "narHash": "sha256-qcMhnL7aGAuFuutH4rq9fvAhCpJWVHLcHVZLtPctPlo=",
        "owner": "SenchoPens",
        "repo": "base16.nix",
        "rev": "75ed5e5e3fce37df22e49125181fa37899c3ccd6",
        "type": "github"
      },
      "original": {
        "owner": "SenchoPens",
        "repo": "base16.nix",
        "type": "github"
      }
    },
    "base16-fish": {
      "flake": false,
      "locked": {
        "lastModified": 1765809053,
        "narHash": "sha256-XCUQLoLfBJ8saWms2HCIj4NEN+xNsWBlU1NrEPcQG4s=",
        "owner": "tomyun",
        "repo": "base16-fish",
        "rev": "86cbea4dca62e08fb7fd83a70e96472f92574782",
        "type": "github"
      },
      "original": {
        "owner": "tomyun",
        "repo": "base16-fish",
        "rev": "86cbea4dca62e08fb7fd83a70e96472f92574782",
        "type": "github"
      }
    },
    "base16-helix": {
      "flake": false,
      "locked": {
        "lastModified": 1776754714,
        "narHash": "sha256-E3OAK27smtATTmX45uoTSRsVD+Y+ZiVVfgM/tjpbtYg=",
        "owner": "tinted-theming",
        "repo": "base16-helix",
        "rev": "4d508123037e7851ad36ebf7d9c48b0e9e1eb581",
        "type": "github"
      },
      "original": {
        "owner": "tinted-theming",
        "repo": "base16-helix",
        "type": "github"
      }
    },
    "base16-vim": {
      "flake": false,
      "locked": {
        "lastModified": 1732806396,
        "narHash": "sha256-e0bpPySdJf0F68Ndanwm+KWHgQiZ0s7liLhvJSWDNsA=",
        "owner": "tinted-theming",
        "repo": "base16-vim",
        "rev": "577fe8125d74ff456cf942c733a85d769afe58b7",
        "type": "github"
      },
      "original": {
        "owner": "tinted-theming",
        "repo": "base16-vim",
        "rev": "577fe8125d74ff456cf942c733a85d769afe58b7",
        "type": "github"
      }
    },
    "cachyos-kernel": {
      "flake": false,
      "locked": {
        "lastModified": 1779959490,
        "narHash": "sha256-FS/SbuYuRt5biCp1ja0Se12V2q3Y3p+O+rAdFQvuJT4=",
        "owner": "CachyOS",
        "repo": "linux-cachyos",
        "rev": "1d38a1c83db0cddff4963516eb3f6838981cb6ae",
        "type": "github"
      },
      "original": {
        "owner": "CachyOS",
        "repo": "linux-cachyos",
        "type": "github"
      }
    },
    "cachyos-kernel-patches": {
      "flake": false,
      "locked": {
        "lastModified": 1779996637,
        "narHash": "sha256-DcA59mHfCUfbr7EtH9YJUb3t62TcyXwC/I0QMyUs1bo=",
        "owner": "CachyOS",
        "repo": "kernel-patches",
        "rev": "b87558b7c865628c48c1d6ff5c827b9df40e9281",
        "type": "github"
      },
      "original": {
        "owner": "CachyOS",
        "repo": "kernel-patches",
        "type": "github"
      }
    },
    "dankMaterialShell": {
      "inputs": {
        "flake-compat": "flake-compat",
        "nixpkgs": [
          "nixpkgs"
        ]
      },
      "locked": {
        "lastModified": 1780380182,
        "narHash": "sha256-cukhSecNvADnLa7dk7GeUB/e1vM6hvRAFt0IDZ8Ox3I=",
        "owner": "AvengeMedia",
        "repo": "DankMaterialShell",
        "rev": "335c5b4ac55382c2077ab2a18129c03dafb9558b",
        "type": "github"
      },
      "original": {
        "owner": "AvengeMedia",
        "repo": "DankMaterialShell",
        "type": "github"
      }
    },
    "dms-actions": {
      "flake": false,
      "locked": {
        "lastModified": 1780332225,
        "narHash": "sha256-QkQPqP7Wmo5DLRyKNSY5NuOau4LSaSfz3DYdHDLxluA=",
        "owner": "AvengeMedia",
        "repo": "dms-plugins",
        "rev": "f4583449f12920e0a2f16808b00a860c27f0173d",
        "type": "github"
      },
      "original": {
        "owner": "AvengeMedia",
        "repo": "dms-plugins",
        "type": "github"
      }
    },
    "dms-amd-gpu-monitor": {
      "flake": false,
      "locked": {
        "lastModified": 1780229444,
        "narHash": "sha256-/NceDiewqhi55w8psJvOhEhscME/s4bxqykcobCdgtI=",
        "owner": "JDKamalakar",
        "repo": "DMS-AMD_GPU_Monitor_Revive",
        "rev": "d99d4f0673635a7e71bc457fbbd3319f84c18b52",
        "type": "github"
      },
      "original": {
        "owner": "JDKamalakar",
        "repo": "DMS-AMD_GPU_Monitor_Revive",
        "type": "github"
      }
    },
    "dms-cat-widget": {
      "flake": false,
      "locked": {
        "lastModified": 1776072445,
        "narHash": "sha256-KD2G805Hq0K9aPW9Aq4hNo2XKji4kzdc24M4AcRhsPk=",
        "owner": "xi-ve",
        "repo": "cat-dms",
        "rev": "eb7b5138b672be3c06445dd80de6bc30c3076030",
        "type": "github"
      },
      "original": {
        "owner": "xi-ve",
        "repo": "cat-dms",
        "type": "github"
      }
    },
    "dms-claude-code": {
      "flake": false,
      "locked": {
        "lastModified": 1778494894,
        "narHash": "sha256-8tAyxl/Q0ZhHw1P0DTp5gCx9kW7Ju+PMX+1Fuiu05A8=",
        "owner": "titeya",
        "repo": "dms-claudecode",
        "rev": "fd96519334b7ef755b539ece233d8ccf15e0217f",
        "type": "github"
      },
      "original": {
        "owner": "titeya",
        "repo": "dms-claudecode",
        "type": "github"
      }
    },
    "dms-clipboard-plus": {
      "flake": false,
      "locked": {
        "lastModified": 1779775753,
        "narHash": "sha256-8knIOnc0+LDsgusCzEz3CJBksvVrn3ytDHMfRAPEUhY=",
        "owner": "Dadangdut33",
        "repo": "dms-plugins",
        "rev": "cb23b2590038ba47db3f27eca5101a8ac864da7d",
        "type": "github"
      },
      "original": {
        "owner": "Dadangdut33",
        "repo": "dms-plugins",
        "type": "github"
      }
    },
    "dms-display-settings": {
      "flake": false,
      "locked": {
        "lastModified": 1779106152,
        "narHash": "sha256-FLC/0rktMTYaVJ/gvuTw6UryyzgR/OEiNIZk+5O1XuI=",
        "owner": "Lucyfire",
        "repo": "dms-plugins",
        "rev": "c99ba77c848721fbb8b8c3307638ea10d5dccdd9",
        "type": "github"
      },
      "original": {
        "owner": "Lucyfire",
        "repo": "dms-plugins",
        "type": "github"
      }
    },
    "dms-easyeffects": {
      "flake": false,
      "locked": {
        "lastModified": 1765788732,
        "narHash": "sha256-q0Xp4RzHd0HgtUZEM4hIES6SDyN8R4lPgQe5aeLMh4c=",
        "owner": "jonkristian",
        "repo": "dms-easyeffects",
        "rev": "f50fdb7a110ddb90b7625bc143884fd773c3d5c7",
        "type": "github"
      },
      "original": {
        "owner": "jonkristian",
        "repo": "dms-easyeffects",
        "type": "github"
      }
    },
    "dms-github-heatmap": {
      "flake": false,
      "locked": {
        "lastModified": 1780211578,
        "narHash": "sha256-b6d3yavy+FihduybF0nKdE11VGY7xw/Qh7EwkzjO3b8=",
        "owner": "JDKamalakar",
        "repo": "DMS-GitHub_HeatMap",
        "rev": "64c0128de49bc3088a63876d4e76178e75735912",
        "type": "github"
      },
      "original": {
        "owner": "JDKamalakar",
        "repo": "DMS-GitHub_HeatMap",
        "type": "github"
      }
    },
    "dms-nix-monitor": {
      "flake": false,
      "locked": {
        "lastModified": 1771568669,
        "narHash": "sha256-lTbQ13lQ3ZPNkdnFmxAMGf1Gjx//80lDDlcJR8msREI=",
        "owner": "antonjah",
        "repo": "nix-monitor",
        "rev": "ef3db9d5a525ddf41355e8c456b40d56480a6626",
        "type": "github"
      },
      "original": {
        "owner": "antonjah",
        "repo": "nix-monitor",
        "type": "github"
      }
    },
    "dms-quick-tote": {
      "flake": false,
      "locked": {
        "lastModified": 1780214874,
        "narHash": "sha256-2zBXt7FrQq2JzGA4rdabW6A85HajW/9c7w1pqpE6+V4=",
        "owner": "JDKamalakar",
        "repo": "DMS-Quick_Tote",
        "rev": "d5952a4db6316c4a3ec41092c4ff53abe007d5bc",
        "type": "github"
      },
      "original": {
        "owner": "JDKamalakar",
        "repo": "DMS-Quick_Tote",
        "type": "github"
      }
    },
    "firefox-gnome-theme": {
      "flake": false,
      "locked": {
        "lastModified": 1779670703,
        "narHash": "sha256-UdfMivNMwCCqQsYDg5pSz8X2IOaOrIZLIIy+Bg3CO2o=",
        "owner": "rafaelmardojai",
        "repo": "firefox-gnome-theme",
        "rev": "942159e73e40bf785816f7f1f5feed9ef3d7c8f9",
        "type": "github"
      },
      "original": {
        "owner": "rafaelmardojai",
        "repo": "firefox-gnome-theme",
        "type": "github"
      }
    },
    "flake-compat": {
      "flake": false,
      "locked": {
        "lastModified": 1767039857,
        "narHash": "sha256-vNpUSpF5Nuw8xvDLj2KCwwksIbjua2LZCqhV1LNRDns=",
        "owner": "NixOS",
        "repo": "flake-compat",
        "rev": "5edf11c44bc78a0d334f6334cdaf7d60d732daab",
        "type": "github"
      },
      "original": {
        "owner": "NixOS",
        "repo": "flake-compat",
        "type": "github"
      }
    },
    "flake-compat_2": {
      "flake": false,
      "locked": {
        "lastModified": 1767039857,
        "narHash": "sha256-vNpUSpF5Nuw8xvDLj2KCwwksIbjua2LZCqhV1LNRDns=",
        "owner": "NixOS",
        "repo": "flake-compat",
        "rev": "5edf11c44bc78a0d334f6334cdaf7d60d732daab",
        "type": "github"
      },
      "original": {
        "owner": "NixOS",
        "repo": "flake-compat",
        "type": "github"
      }
    },
    "flake-parts": {
      "inputs": {
        "nixpkgs-lib": "nixpkgs-lib"
      },
      "locked": {
        "lastModified": 1778716662,
        "narHash": "sha256-m1Yf0wZ8j1OHjTc2UwHwyQRSnNeSgLJOd7q5Y45hzi4=",
        "owner": "hercules-ci",
        "repo": "flake-parts",
        "rev": "f7c1a2d347e4c52d5fb8d10cb4d94b5884e546fb",
        "type": "github"
      },
      "original": {
        "owner": "hercules-ci",
        "repo": "flake-parts",
        "type": "github"
      }
    },
    "flake-parts_2": {
      "inputs": {
        "nixpkgs-lib": [
          "mix-nix",
          "nixpkgs"
        ]
      },
      "locked": {
        "lastModified": 1778716662,
        "narHash": "sha256-m1Yf0wZ8j1OHjTc2UwHwyQRSnNeSgLJOd7q5Y45hzi4=",
        "owner": "hercules-ci",
        "repo": "flake-parts",
        "rev": "f7c1a2d347e4c52d5fb8d10cb4d94b5884e546fb",
        "type": "github"
      },
      "original": {
        "owner": "hercules-ci",
        "repo": "flake-parts",
        "type": "github"
      }
    },
    "flake-parts_3": {
      "inputs": {
        "nixpkgs-lib": "nixpkgs-lib_2"
      },
      "locked": {
        "lastModified": 1778716662,
        "narHash": "sha256-m1Yf0wZ8j1OHjTc2UwHwyQRSnNeSgLJOd7q5Y45hzi4=",
        "owner": "hercules-ci",
        "repo": "flake-parts",
        "rev": "f7c1a2d347e4c52d5fb8d10cb4d94b5884e546fb",
        "type": "github"
      },
      "original": {
        "owner": "hercules-ci",
        "repo": "flake-parts",
        "type": "github"
      }
    },
    "flake-parts_4": {
      "inputs": {
        "nixpkgs-lib": [
          "stylix",
          "nixpkgs"
        ]
      },
      "locked": {
        "lastModified": 1778716662,
        "narHash": "sha256-m1Yf0wZ8j1OHjTc2UwHwyQRSnNeSgLJOd7q5Y45hzi4=",
        "owner": "hercules-ci",
        "repo": "flake-parts",
        "rev": "f7c1a2d347e4c52d5fb8d10cb4d94b5884e546fb",
        "type": "github"
      },
      "original": {
        "owner": "hercules-ci",
        "repo": "flake-parts",
        "type": "github"
      }
    },
    "fromYaml": {
      "flake": false,
      "locked": {
        "lastModified": 1731966426,
        "narHash": "sha256-lq95WydhbUTWig/JpqiB7oViTcHFP8Lv41IGtayokA8=",
        "owner": "SenchoPens",
        "repo": "fromYaml",
        "rev": "106af9e2f715e2d828df706c386a685698f3223b",
        "type": "github"
      },
      "original": {
        "owner": "SenchoPens",
        "repo": "fromYaml",
        "type": "github"
      }
    },
    "gnome-shell": {
      "flake": false,
      "locked": {
        "lastModified": 1767737596,
        "narHash": "sha256-eFujfIUQDgWnSJBablOuG+32hCai192yRdrNHTv0a+s=",
        "owner": "GNOME",
        "repo": "gnome-shell",
        "rev": "ef02db02bf0ff342734d525b5767814770d85b49",
        "type": "github"
      },
      "original": {
        "owner": "GNOME",
        "repo": "gnome-shell",
        "rev": "ef02db02bf0ff342734d525b5767814770d85b49",
        "type": "github"
      }
    },
    "home-manager": {
      "inputs": {
        "nixpkgs": [
          "nixpkgs"
        ]
      },
      "locked": {
        "lastModified": 1780408569,
        "narHash": "sha256-s7Tv6FUQThRAvW8En8XVC6HMb0uiikzVccCcCo9u/Bg=",
        "owner": "nix-community",
        "repo": "home-manager",
        "rev": "f384af1bec6423a0d4ba1855917ab948f64e5808",
        "type": "github"
      },
      "original": {
        "owner": "nix-community",
        "repo": "home-manager",
        "type": "github"
      }
    },
    "home-manager_2": {
      "inputs": {
        "nixpkgs": [
          "mix-nix",
          "nixpkgs"
        ]
      },
      "locked": {
        "lastModified": 1780408569,
        "narHash": "sha256-s7Tv6FUQThRAvW8En8XVC6HMb0uiikzVccCcCo9u/Bg=",
        "owner": "nix-community",
        "repo": "home-manager",
        "rev": "f384af1bec6423a0d4ba1855917ab948f64e5808",
        "type": "github"
      },
      "original": {
        "owner": "nix-community",
        "repo": "home-manager",
        "type": "github"
      }
    },
    "matugen": {
      "inputs": {
        "nixpkgs": [
          "nixpkgs"
        ],
        "systems": "systems"
      },
      "locked": {
        "lastModified": 1780068618,
        "narHash": "sha256-LFiV5gdD4MkPrzBrc3Lq966vTQGuwwXC5WkgglWz7i4=",
        "owner": "InioX",
        "repo": "Matugen",
        "rev": "74bfe9369a46589c5048072142796343a8d74168",
        "type": "github"
      },
      "original": {
        "owner": "InioX",
        "repo": "Matugen",
        "type": "github"
      }
    },
    "matugen_2": {
      "inputs": {
        "nixpkgs": [
          "mix-nix",
          "nixpkgs"
        ],
        "systems": "systems_2"
      },
      "locked": {
        "lastModified": 1780068618,
        "narHash": "sha256-LFiV5gdD4MkPrzBrc3Lq966vTQGuwwXC5WkgglWz7i4=",
        "owner": "InioX",
        "repo": "Matugen",
        "rev": "74bfe9369a46589c5048072142796343a8d74168",
        "type": "github"
      },
      "original": {
        "owner": "InioX",
        "repo": "Matugen",
        "type": "github"
      }
    },
    "mix-nix": {
      "inputs": {
        "flake-parts": "flake-parts_2",
        "home-manager": "home-manager_2",
        "matugen": "matugen_2",
        "nix-cachyos-kernel": "nix-cachyos-kernel",
        "nixpkgs": "nixpkgs_2",
        "nixpkgs-stable": "nixpkgs-stable"
      },
      "locked": {
        "lastModified": 1780411821,
        "narHash": "sha256-r5UASl0qlC0c1JUaIUXraMdfAS1ZHZMi/XyKfQfdYqY=",
        "owner": "tophc7",
        "repo": "mix.nix",
        "rev": "8662a8fe12cbc14c83260df5f11970b8409acd4c",
        "type": "github"
      },
      "original": {
        "owner": "tophc7",
        "repo": "mix.nix",
        "type": "github"
      }
    },
    "niri": {
      "inputs": {
        "niri-stable": "niri-stable",
        "niri-unstable": "niri-unstable",
        "nixpkgs": [
          "nixpkgs"
        ],
        "nixpkgs-stable": "nixpkgs-stable_2",
        "xwayland-satellite-stable": "xwayland-satellite-stable",
        "xwayland-satellite-unstable": "xwayland-satellite-unstable"
      },
      "locked": {
        "lastModified": 1771889367,
        "narHash": "sha256-Sce42FyGGadnkFdPwya3LqD95E+jAzVcvwJfkyy0e7k=",
        "owner": "tophc7",
        "repo": "niri-flake",
        "rev": "149ab4c730e384d0582d9ae5e041ed2cd9c19d1f",
        "type": "github"
      },
      "original": {
        "owner": "tophc7",
        "repo": "niri-flake",
        "type": "github"
      }
    },
    "niri-stable": {
      "flake": false,
      "locked": {
        "lastModified": 1756556321,
        "narHash": "sha256-RLD89dfjN0RVO86C/Mot0T7aduCygPGaYbog566F0Qo=",
        "owner": "YaLTeR",
        "repo": "niri",
        "rev": "01be0e65f4eb91a9cd624ac0b76aaeab765c7294",
        "type": "github"
      },
      "original": {
        "owner": "YaLTeR",
        "ref": "v25.08",
        "repo": "niri",
        "type": "github"
      }
    },
    "niri-unstable": {
      "flake": false,
      "locked": {
        "lastModified": 1774741011,
        "narHash": "sha256-ucdcqSuoGpvtf9cmze8ExJY6fTcyds3xeaEUe7p2OfQ=",
        "owner": "TophC7",
        "repo": "niri",
        "rev": "4f775ebfff00a49f0a91ca0973ea67f4de35d899",
        "type": "github"
      },
      "original": {
        "owner": "TophC7",
        "repo": "niri",
        "type": "github"
      }
    },
    "nix-cachyos-kernel": {
      "inputs": {
        "cachyos-kernel": "cachyos-kernel",
        "cachyos-kernel-patches": "cachyos-kernel-patches",
        "flake-compat": "flake-compat_2",
        "flake-parts": "flake-parts_3",
        "nixpkgs": "nixpkgs"
      },
      "locked": {
        "lastModified": 1780253365,
        "narHash": "sha256-wcJ+6+Z+mfzBjClI0XsjOoGSW6o1RldVj6UETLzK+GQ=",
        "owner": "xddxdd",
        "repo": "nix-cachyos-kernel",
        "rev": "236462fb93cb56e26e6a6801ba5edb6dad66be0d",
        "type": "github"
      },
      "original": {
        "owner": "xddxdd",
        "ref": "release",
        "repo": "nix-cachyos-kernel",
        "type": "github"
      }
    },
    "nixpkgs": {
      "locked": {
        "lastModified": 1780206209,
        "narHash": "sha256-33WNQ5sssy+8+xhUz953aEnjR1Oh828j0DgLU1TfMqE=",
        "owner": "NixOS",
        "repo": "nixpkgs",
        "rev": "45cf63e030188dd38532669b2450182bfc2d4653",
        "type": "github"
      },
      "original": {
        "owner": "NixOS",
        "ref": "nixos-unstable-small",
        "repo": "nixpkgs",
        "type": "github"
      }
    },
    "nixpkgs-lib": {
      "locked": {
        "lastModified": 1777168982,
        "narHash": "sha256-GOkGPcboWE9BmGCRMLX3worL4EMnsnG8MyKmXNeYuhQ=",
        "owner": "nix-community",
        "repo": "nixpkgs.lib",
        "rev": "f5901329dade4a6ea039af1433fb087bd9c1fe14",
        "type": "github"
      },
      "original": {
        "owner": "nix-community",
        "repo": "nixpkgs.lib",
        "type": "github"
      }
    },
    "nixpkgs-lib_2": {
      "locked": {
        "lastModified": 1777168982,
        "narHash": "sha256-GOkGPcboWE9BmGCRMLX3worL4EMnsnG8MyKmXNeYuhQ=",
        "owner": "nix-community",
        "repo": "nixpkgs.lib",
        "rev": "f5901329dade4a6ea039af1433fb087bd9c1fe14",
        "type": "github"
      },
      "original": {
        "owner": "nix-community",
        "repo": "nixpkgs.lib",
        "type": "github"
      }
    },
    "nixpkgs-stable": {
      "locked": {
        "lastModified": 1780203844,
        "narHash": "sha256-K5sT4jTpGs15ADhviMKNBH38REpPf5Q6mM1+N6cArVE=",
        "owner": "NixOS",
        "repo": "nixpkgs",
        "rev": "b51242d7d43689db2f3be91bd05d5b24fbb469c4",
        "type": "github"
      },
      "original": {
        "owner": "NixOS",
        "ref": "nixos-26.05",
        "repo": "nixpkgs",
        "type": "github"
      }
    },
    "nixpkgs-stable_2": {
      "locked": {
        "lastModified": 1771574726,
        "narHash": "sha256-D1PA3xQv/s4W3lnR9yJFSld8UOLr0a/cBWMQMXS+1Qg=",
        "owner": "NixOS",
        "repo": "nixpkgs",
        "rev": "c217913993d6c6f6805c3b1a3bda5e639adfde6d",
        "type": "github"
      },
      "original": {
        "owner": "NixOS",
        "ref": "nixos-25.11",
        "repo": "nixpkgs",
        "type": "github"
      }
    },
    "nixpkgs_2": {
      "locked": {
        "lastModified": 1780243769,
        "narHash": "sha256-x5UQuRsH3MqI0U9afaXSNqzTPSeZlRLvFAav2Ux1pNw=",
        "owner": "NixOS",
        "repo": "nixpkgs",
        "rev": "331800de5053fcebacf6813adb5db9c9dca22a0c",
        "type": "github"
      },
      "original": {
        "owner": "NixOS",
        "ref": "nixos-unstable",
        "repo": "nixpkgs",
        "type": "github"
      }
    },
    "nur": {
      "inputs": {
        "flake-parts": [
          "stylix",
          "flake-parts"
        ],
        "nixpkgs": [
          "stylix",
          "nixpkgs"
        ]
      },
      "locked": {
        "lastModified": 1779766384,
        "narHash": "sha256-P7Ohnlq8b8b2fU+Sgkrej7LBTM60LBTkHleLuYzmLmU=",
        "owner": "nix-community",
        "repo": "NUR",
        "rev": "57800b7ab648725ccd33551d01484ee14952ad3f",
        "type": "github"
      },
      "original": {
        "owner": "nix-community",
        "repo": "NUR",
        "type": "github"
      }
    },
    "quickshell": {
      "inputs": {
        "nixpkgs": [
          "nixpkgs"
        ]
      },
      "locked": {
        "lastModified": 1780303737,
        "narHash": "sha256-7HgdJBG4BgAPDyHKKxWtxj7nziqsQo6zQCXtwy+L9fs=",
        "ref": "refs/heads/master",
        "rev": "b66495fcc5022681b56b61f928c7acbe910e722c",
        "revCount": 821,
        "type": "git",
        "url": "https://git.outfoxxed.me/outfoxxed/quickshell"
      },
      "original": {
        "type": "git",
        "url": "https://git.outfoxxed.me/outfoxxed/quickshell"
      }
    },
    "root": {
      "inputs": {
        "dankMaterialShell": "dankMaterialShell",
        "dms-actions": "dms-actions",
        "dms-amd-gpu-monitor": "dms-amd-gpu-monitor",
        "dms-cat-widget": "dms-cat-widget",
        "dms-claude-code": "dms-claude-code",
        "dms-clipboard-plus": "dms-clipboard-plus",
        "dms-display-settings": "dms-display-settings",
        "dms-easyeffects": "dms-easyeffects",
        "dms-github-heatmap": "dms-github-heatmap",
        "dms-nix-monitor": "dms-nix-monitor",
        "dms-quick-tote": "dms-quick-tote",
        "flake-parts": "flake-parts",
        "home-manager": "home-manager",
        "matugen": "matugen",
        "mix-nix": "mix-nix",
        "niri": "niri",
        "nixpkgs": [
          "mix-nix",
          "nixpkgs"
        ],
        "quickshell": "quickshell",
        "stylix": "stylix",
        "vicinae": "vicinae"
      }
    },
    "stylix": {
      "inputs": {
        "base16": "base16",
        "base16-fish": "base16-fish",
        "base16-helix": "base16-helix",
        "base16-vim": "base16-vim",
        "firefox-gnome-theme": "firefox-gnome-theme",
        "flake-parts": "flake-parts_4",
        "gnome-shell": "gnome-shell",
        "nixpkgs": [
          "nixpkgs"
        ],
        "nur": "nur",
        "systems": "systems_3",
        "tinted-kitty": "tinted-kitty",
        "tinted-schemes": "tinted-schemes",
        "tinted-tmux": "tinted-tmux",
        "tinted-zed": "tinted-zed"
      },
      "locked": {
        "lastModified": 1780256506,
        "narHash": "sha256-wEXN/OoZt9HfsKBL6694p2Y9xRlwfUbdn/M107U8fVU=",
        "owner": "danth",
        "repo": "stylix",
        "rev": "8ed48a41087feeb66372ff718021a9512fc552b3",
        "type": "github"
      },
      "original": {
        "owner": "danth",
        "repo": "stylix",
        "type": "github"
      }
    },
    "systems": {
      "locked": {
        "lastModified": 1689347949,
        "narHash": "sha256-12tWmuL2zgBgZkdoB6qXZsgJEH9LR3oUgpaQq2RbI80=",
        "owner": "nix-systems",
        "repo": "default-linux",
        "rev": "31732fcf5e8fea42e59c2488ad31a0e651500f68",
        "type": "github"
      },
      "original": {
        "owner": "nix-systems",
        "repo": "default-linux",
        "type": "github"
      }
    },
    "systems_2": {
      "locked": {
        "lastModified": 1689347949,
        "narHash": "sha256-12tWmuL2zgBgZkdoB6qXZsgJEH9LR3oUgpaQq2RbI80=",
        "owner": "nix-systems",
        "repo": "default-linux",
        "rev": "31732fcf5e8fea42e59c2488ad31a0e651500f68",
        "type": "github"
      },
      "original": {
        "owner": "nix-systems",
        "repo": "default-linux",
        "type": "github"
      }
    },
    "systems_3": {
      "locked": {
        "lastModified": 1681028828,
        "narHash": "sha256-Vy1rq5AaRuLzOxct8nz4T6wlgyUR7zLU309k9mBC768=",
        "owner": "nix-systems",
        "repo": "default",
        "rev": "da67096a3b9bf56a91d16901293e51ba5b49a27e",
        "type": "github"
      },
      "original": {
        "owner": "nix-systems",
        "repo": "default",
        "type": "github"
      }
    },
    "systems_4": {
      "locked": {
        "lastModified": 1681028828,
        "narHash": "sha256-Vy1rq5AaRuLzOxct8nz4T6wlgyUR7zLU309k9mBC768=",
        "owner": "nix-systems",
        "repo": "default",
        "rev": "da67096a3b9bf56a91d16901293e51ba5b49a27e",
        "type": "github"
      },
      "original": {
        "owner": "nix-systems",
        "repo": "default",
        "type": "github"
      }
    },
    "tinted-kitty": {
      "flake": false,
      "locked": {
        "lastModified": 1735730497,
        "narHash": "sha256-4KtB+FiUzIeK/4aHCKce3V9HwRvYaxX+F1edUrfgzb8=",
        "owner": "tinted-theming",
        "repo": "tinted-kitty",
        "rev": "de6f888497f2c6b2279361bfc790f164bfd0f3fa",
        "type": "github"
      },
      "original": {
        "owner": "tinted-theming",
        "repo": "tinted-kitty",
        "type": "github"
      }
    },
    "tinted-schemes": {
      "flake": false,
      "locked": {
        "lastModified": 1777806186,
        "narHash": "sha256-PDF0/wObw4nIsSBeXVYLsloXOiphXCgIdsrNcVXguKs=",
        "owner": "tinted-theming",
        "repo": "schemes",
        "rev": "0c94645546f4f3ddac77a1a5fce54eb95bf50795",
        "type": "github"
      },
      "original": {
        "owner": "tinted-theming",
        "repo": "schemes",
        "type": "github"
      }
    },
    "tinted-tmux": {
      "flake": false,
      "locked": {
        "lastModified": 1778379944,
        "narHash": "sha256-wPDFzMGSlARlw0Sfsn48Q2+jPSfk6N0Ng6BC/d+7Q24=",
        "owner": "tinted-theming",
        "repo": "tinted-tmux",
        "rev": "fe0203a198690e71a5ff11e08812a4673de3678d",
        "type": "github"
      },
      "original": {
        "owner": "tinted-theming",
        "repo": "tinted-tmux",
        "type": "github"
      }
    },
    "tinted-zed": {
      "flake": false,
      "locked": {
        "lastModified": 1778378178,
        "narHash": "sha256-OXPXRIQgGwV77HjYRryOHguh4ALX96jkg+tseLkGgHA=",
        "owner": "tinted-theming",
        "repo": "base16-zed",
        "rev": "9cd816033ff969415b190722cddf134e78a5665f",
        "type": "github"
      },
      "original": {
        "owner": "tinted-theming",
        "repo": "base16-zed",
        "type": "github"
      }
    },
    "vicinae": {
      "inputs": {
        "nixpkgs": [
          "nixpkgs"
        ],
        "systems": "systems_4"
      },
      "locked": {
        "lastModified": 1780338118,
        "narHash": "sha256-Gcj6B/S/EZ9DvyCWEU7D7r45gjZYntJX3bwxsWXsz3s=",
        "owner": "vicinaehq",
        "repo": "vicinae",
        "rev": "3128e73a00441a17a1afe00422c23db3aac3cb91",
        "type": "github"
      },
      "original": {
        "owner": "vicinaehq",
        "repo": "vicinae",
        "type": "github"
      }
    },
    "xwayland-satellite-stable": {
      "flake": false,
      "locked": {
        "lastModified": 1755491097,
        "narHash": "sha256-m+9tUfsmBeF2Gn4HWa6vSITZ4Gz1eA1F5Kh62B0N4oE=",
        "owner": "Supreeeme",
        "repo": "xwayland-satellite",
        "rev": "388d291e82ffbc73be18169d39470f340707edaa",
        "type": "github"
      },
      "original": {
        "owner": "Supreeeme",
        "ref": "v0.7",
        "repo": "xwayland-satellite",
        "type": "github"
      }
    },
    "xwayland-satellite-unstable": {
      "flake": false,
      "locked": {
        "lastModified": 1771787042,
        "narHash": "sha256-7bM6Y4KldhKnfopSALF8XALxcX7ehkomXH9sPl4MXp0=",
        "owner": "Supreeeme",
        "repo": "xwayland-satellite",
        "rev": "33c344fee50504089a447a8fef5878cf4f6215fc",
        "type": "github"
      },
      "original": {
        "owner": "Supreeeme",
        "repo": "xwayland-satellite",
        "type": "github"
      }
    }
  },
  "root": "root",
  "version": 7
}
